
Microsoft Visual Studio Solution File, Format Version 12.00
# Visual Studio Version 17
VisualStudioVersion = 17.0.31912.275
MinimumVisualStudioVersion = 10.0.40219.1
Project("{FAE04EC0-301F-11D3-BF4B-00C04F79EFBC}") = "git proiect", "git proiect.csproj", "{4372CB28-EEA8-4209-B37D-7730D67559ED}"
EndProject
Global
	GlobalSection(SolutionConfigurationPlatforms) = preSolution
		Debug|Any CPU = Debug|Any CPU
		Release|Any CPU = Release|Any CPU
	EndGlobalSection
	GlobalSection(ProjectConfigurationPlatforms) = postSolution
		{4372CB28-EEA8-4209-B37D-7730D67559ED}.Debug|Any CPU.ActiveCfg = Debug|Any CPU
		{4372CB28-EEA8-4209-B37D-7730D67559ED}.Debug|Any CPU.Build.0 = Debug|Any CPU
		{4372CB28-EEA8-4209-B37D-7730D67559ED}.Release|Any CPU.ActiveCfg = Release|Any CPU
		{4372CB28-EEA8-4209-B37D-7730D67559ED}.Release|Any CPU.Build.0 = Release|Any CPU
	EndGlobalSection
	GlobalSection(SolutionProperties) = preSolution
		HideSolutionNode = FALSE
	EndGlobalSection
	GlobalSection(ExtensibilityGlobals) = postSolution
		SolutionGuid = {0B4502F0-1C0C-4BBB-A110-2AAB694EFD89}
	EndGlobalSection
EndGlobal
